PODS:
  - FlowplayerCore (1.5.2-alpha0)
  - GoogleAds-IMA-iOS-SDK (3.14.1)
  - Rollbar (1.8.4)

DEPENDENCIES:
  - FlowplayerCore (= 1.5.2-alpha0)
  - GoogleAds-IMA-iOS-SDK (~> 3.9)
  - Rollbar (~> 1.8.1)

SPEC REPOS:
  trunk:
    - FlowplayerCore
    - GoogleAds-IMA-iOS-SDK
    - Rollbar

SPEC CHECKSUMS:
  FlowplayerCore: d772b2b248d55ee65d42b2440e6d30ea6eb5c0ac
  GoogleAds-IMA-iOS-SDK: cc10f58c94fe19664f223e290099624f4696001f
  Rollbar: 1b7918ecf1e92b143b71da329fbd8ff981ed30e5

PODFILE CHECKSUM: 76d917977a65742aa083ca5e9cfc0295303129b6

COCOAPODS: 1.10.1
