PODS:
  - Flowplayer (3.0.1)
  - GoogleAds-IMA-iOS-SDK (3.14.4)
  - Rollbar (1.12.14)

DEPENDENCIES:
  - Flowplayer (= 3.0.1)
  - GoogleAds-IMA-iOS-SDK (= 3.14.4)
  - Rollbar (~> 1.12.14)

SPEC REPOS:
  trunk:
    - Flowplayer
    - GoogleAds-IMA-iOS-SDK
    - Rollbar

SPEC CHECKSUMS:
  Flowplayer: 68bd73720c3612d05d17723865c3e7e7f8b22539
  GoogleAds-IMA-iOS-SDK: c190284044e9a28b3e7422ba9886db015c71a84f
  Rollbar: 58f315609433558a82af5a54d7888bb020bec561

PODFILE CHECKSUM: d14ae3c35dab404629077e7bc5251f44e182da76

COCOAPODS: 1.11.2
