PODS:
  - FlowplayerCore (1.4.0)
  - GoogleAds-IMA-iOS-SDK (3.11.4)
  - Rollbar (1.8.4)

DEPENDENCIES:
  - FlowplayerCore (~> 1.4.0)
  - GoogleAds-IMA-iOS-SDK (~> 3.9)
  - Rollbar (~> 1.8.1)

SPEC REPOS:
  trunk:
    - FlowplayerCore
    - GoogleAds-IMA-iOS-SDK
    - Rollbar

SPEC CHECKSUMS:
  FlowplayerCore: f6056b157d50589fddd6b12f9d62bdc99a16901a
  GoogleAds-IMA-iOS-SDK: 7f5b78b31ce97ec1f515866ed54118922004f987
  Rollbar: 1b7918ecf1e92b143b71da329fbd8ff981ed30e5

PODFILE CHECKSUM: 4bbbf870f4fd271ffada18001426fa2a2751eed2

COCOAPODS: 1.9.1
